{
  "name": "@callstack/apex",
  "version": "0.1.0",
  "lockfileVersion": 3,
  "requires": true,
  "packages": {
    "": {
      "name": "@callstack/apex",
      "version": "0.1.0",
      "dependencies": {
        "jsonc-parser": "3.3.1",
        "smol-toml": "1.4.2"
      },
      "bin": {
        "apex": "bin/apex.js"
      },
      "engines": {
        "node": ">=22"
      }
    },
    "node_modules/jsonc-parser": {
      "version": "3.3.1",
      "resolved": "https://registry.npmjs.org/jsonc-parser/-/jsonc-parser-3.3.1.tgz",
      "integrity": "sha512-HUgH65KyejrUFPvHFPbqOY0rsFip3Bo5wb4ngvdi1EpCYWUQDC5V+Y7mZws+DLkr4M//zQJoanu1SP+87Dv1oQ==",
      "license": "MIT"
    },
    "node_modules/smol-toml": {
      "version": "1.4.2",
      "resolved": "https://registry.npmjs.org/smol-toml/-/smol-toml-1.4.2.tgz",
      "integrity": "sha512-rInDH6lCNiEyn3+hH8KVGFdbjc099j47+OSgbMrfDYX1CmXLfdKd7qi6IfcWj2wFxvSVkuI46M+wPGYfEOEj6g==",
      "license": "BSD-3-Clause",
      "engines": {
        "node": ">= 18"
      },
      "funding": {
        "url": "https://github.com/sponsors/cyyynthia"
      }
    }
  }
}
